
Microsoft Visual Studio Solution File, Format Version 12.00
# Visual Studio Version 17
VisualStudioVersion = 17.5.33502.453
MinimumVisualStudioVersion = 10.0.40219.1
Project("{FAE04EC0-301F-11D3-BF4B-00C04F79EFBC}") = "Tetris_Game", "Tetris_Game\Tetris_Game.csproj", "{F01CCC78-C7DA-4251-BB3D-57230E9D6DF4}"
EndProject
Project("{FAE04EC0-301F-11D3-BF4B-00C04F79EFBC}") = "Test", "Test\Test.csproj", "{DD1B1F91-50F1-417E-A81F-9EAAFF4060A1}"
EndProject
Global
	GlobalSection(SolutionConfigurationPlatforms) = preSolution
		Debug|Any CPU = Debug|Any CPU
		Release|Any CPU = Release|Any CPU
	EndGlobalSection
	GlobalSection(ProjectConfigurationPlatforms) = postSolution
		{F01CCC78-C7DA-4251-BB3D-57230E9D6DF4}.Debug|Any CPU.ActiveCfg = Debug|Any CPU
		{F01CCC78-C7DA-4251-BB3D-57230E9D6DF4}.Debug|Any CPU.Build.0 = Debug|Any CPU
		{F01CCC78-C7DA-4251-BB3D-57230E9D6DF4}.Release|Any CPU.ActiveCfg = Release|Any CPU
		{F01CCC78-C7DA-4251-BB3D-57230E9D6DF4}.Release|Any CPU.Build.0 = Release|Any CPU
		{DD1B1F91-50F1-417E-A81F-9EAAFF4060A1}.Debug|Any CPU.ActiveCfg = Debug|Any CPU
		{DD1B1F91-50F1-417E-A81F-9EAAFF4060A1}.Debug|Any CPU.Build.0 = Debug|Any CPU
		{DD1B1F91-50F1-417E-A81F-9EAAFF4060A1}.Release|Any CPU.ActiveCfg = Release|Any CPU
		{DD1B1F91-50F1-417E-A81F-9EAAFF4060A1}.Release|Any CPU.Build.0 = Release|Any CPU
	EndGlobalSection
	GlobalSection(SolutionProperties) = preSolution
		HideSolutionNode = FALSE
	EndGlobalSection
	GlobalSection(ExtensibilityGlobals) = postSolution
		SolutionGuid = {D385E95F-525F-46BB-9EB7-BCD3A52E183C}
	EndGlobalSection
EndGlobal
